
Microsoft Visual Studio Solution File, Format Version 12.00
# Visual Studio Version 16
VisualStudioVersion = 16.0.29509.3
MinimumVisualStudioVersion = 10.0.40219.1
Project("{FAE04EC0-301F-11D3-BF4B-00C04F79EFBC}") = "Sudoku Solver WPF", "Sudoku Solver WPF\Sudoku Solver WPF.csproj", "{265C961C-7253-4F07-B3E2-1A0A3281BD6D}"
EndProject
Project("{FAE04EC0-301F-11D3-BF4B-00C04F79EFBC}") = "UnitTest", "UnitTest\UnitTest.csproj", "{D2754FD8-550B-469C-8DEA-B87E2E80E9C1}"
EndProject
Project("{9A19103F-16F7-4668-BE54-9A1E7A4F7556}") = "Sudoku Solver", "Sudoku Solver\Sudoku Solver.csproj", "{F0FDB3C0-CFAE-4F83-BA79-307E892703B8}"
EndProject
Project("{FAE04EC0-301F-11D3-BF4B-00C04F79EFBC}") = "Sudoku_Solver_Xamarin.Android", "Sudoku_Solver_Xamarin\Sudoku_Solver_Xamarin.Android\Sudoku_Solver_Xamarin.Android.csproj", "{D94668D4-979F-4EDE-8139-127A646CEE28}"
EndProject
Project("{FAE04EC0-301F-11D3-BF4B-00C04F79EFBC}") = "Sudoku_Solver_Xamarin", "Sudoku_Solver_Xamarin\Sudoku_Solver_Xamarin\Sudoku_Solver_Xamarin.csproj", "{41B72C5D-7BC3-43B6-8366-679F0677542A}"
EndProject
Global
	GlobalSection(SolutionConfigurationPlatforms) = preSolution
		Debug|Any CPU = Debug|Any CPU
		Debug|iPhone = Debug|iPhone
		Debug|iPhoneSimulator = Debug|iPhoneSimulator
		Release|Any CPU = Release|Any CPU
		Release|iPhone = Release|iPhone
		Release|iPhoneSimulator = Release|iPhoneSimulator
	EndGlobalSection
	GlobalSection(ProjectConfigurationPlatforms) = postSolution
		{265C961C-7253-4F07-B3E2-1A0A3281BD6D}.Debug|Any CPU.ActiveCfg = Debug|Any CPU
		{265C961C-7253-4F07-B3E2-1A0A3281BD6D}.Debug|Any CPU.Build.0 = Debug|Any CPU
		{265C961C-7253-4F07-B3E2-1A0A3281BD6D}.Debug|iPhone.ActiveCfg = Debug|Any CPU
		{265C961C-7253-4F07-B3E2-1A0A3281BD6D}.Debug|iPhone.Build.0 = Debug|Any CPU
		{265C961C-7253-4F07-B3E2-1A0A3281BD6D}.Debug|iPhoneSimulator.ActiveCfg = Debug|Any CPU
		{265C961C-7253-4F07-B3E2-1A0A3281BD6D}.Debug|iPhoneSimulator.Build.0 = Debug|Any CPU
		{265C961C-7253-4F07-B3E2-1A0A3281BD6D}.Release|Any CPU.ActiveCfg = Release|Any CPU
		{265C961C-7253-4F07-B3E2-1A0A3281BD6D}.Release|Any CPU.Build.0 = Release|Any CPU
		{265C961C-7253-4F07-B3E2-1A0A3281BD6D}.Release|iPhone.ActiveCfg = Release|Any CPU
		{265C961C-7253-4F07-B3E2-1A0A3281BD6D}.Release|iPhone.Build.0 = Release|Any CPU
		{265C961C-7253-4F07-B3E2-1A0A3281BD6D}.Release|iPhoneSimulator.ActiveCfg = Release|Any CPU
		{265C961C-7253-4F07-B3E2-1A0A3281BD6D}.Release|iPhoneSimulator.Build.0 = Release|Any CPU
		{D2754FD8-550B-469C-8DEA-B87E2E80E9C1}.Debug|Any CPU.ActiveCfg = Debug|Any CPU
		{D2754FD8-550B-469C-8DEA-B87E2E80E9C1}.Debug|Any CPU.Build.0 = Debug|Any CPU
		{D2754FD8-550B-469C-8DEA-B87E2E80E9C1}.Debug|iPhone.ActiveCfg = Debug|Any CPU
		{D2754FD8-550B-469C-8DEA-B87E2E80E9C1}.Debug|iPhone.Build.0 = Debug|Any CPU
		{D2754FD8-550B-469C-8DEA-B87E2E80E9C1}.Debug|iPhoneSimulator.ActiveCfg = Debug|Any CPU
		{D2754FD8-550B-469C-8DEA-B87E2E80E9C1}.Debug|iPhoneSimulator.Build.0 = Debug|Any CPU
		{D2754FD8-550B-469C-8DEA-B87E2E80E9C1}.Release|Any CPU.ActiveCfg = Release|Any CPU
		{D2754FD8-550B-469C-8DEA-B87E2E80E9C1}.Release|Any CPU.Build.0 = Release|Any CPU
		{D2754FD8-550B-469C-8DEA-B87E2E80E9C1}.Release|iPhone.ActiveCfg = Release|Any CPU
		{D2754FD8-550B-469C-8DEA-B87E2E80E9C1}.Release|iPhone.Build.0 = Release|Any CPU
		{D2754FD8-550B-469C-8DEA-B87E2E80E9C1}.Release|iPhoneSimulator.ActiveCfg = Release|Any CPU
		{D2754FD8-550B-469C-8DEA-B87E2E80E9C1}.Release|iPhoneSimulator.Build.0 = Release|Any CPU
		{F0FDB3C0-CFAE-4F83-BA79-307E892703B8}.Debug|Any CPU.ActiveCfg = Debug|Any CPU
		{F0FDB3C0-CFAE-4F83-BA79-307E892703B8}.Debug|Any CPU.Build.0 = Debug|Any CPU
		{F0FDB3C0-CFAE-4F83-BA79-307E892703B8}.Debug|iPhone.ActiveCfg = Debug|Any CPU
		{F0FDB3C0-CFAE-4F83-BA79-307E892703B8}.Debug|iPhone.Build.0 = Debug|Any CPU
		{F0FDB3C0-CFAE-4F83-BA79-307E892703B8}.Debug|iPhoneSimulator.ActiveCfg = Debug|Any CPU
		{F0FDB3C0-CFAE-4F83-BA79-307E892703B8}.Debug|iPhoneSimulator.Build.0 = Debug|Any CPU
		{F0FDB3C0-CFAE-4F83-BA79-307E892703B8}.Release|Any CPU.ActiveCfg = Release|Any CPU
		{F0FDB3C0-CFAE-4F83-BA79-307E892703B8}.Release|Any CPU.Build.0 = Release|Any CPU
		{F0FDB3C0-CFAE-4F83-BA79-307E892703B8}.Release|iPhone.ActiveCfg = Release|Any CPU
		{F0FDB3C0-CFAE-4F83-BA79-307E892703B8}.Release|iPhone.Build.0 = Release|Any CPU
		{F0FDB3C0-CFAE-4F83-BA79-307E892703B8}.Release|iPhoneSimulator.ActiveCfg = Release|Any CPU
		{F0FDB3C0-CFAE-4F83-BA79-307E892703B8}.Release|iPhoneSimulator.Build.0 = Release|Any CPU
		{D94668D4-979F-4EDE-8139-127A646CEE28}.Debug|Any CPU.ActiveCfg = Debug|Any CPU
		{D94668D4-979F-4EDE-8139-127A646CEE28}.Debug|Any CPU.Build.0 = Debug|Any CPU
		{D94668D4-979F-4EDE-8139-127A646CEE28}.Debug|Any CPU.Deploy.0 = Debug|Any CPU
		{D94668D4-979F-4EDE-8139-127A646CEE28}.Debug|iPhone.ActiveCfg = Debug|Any CPU
		{D94668D4-979F-4EDE-8139-127A646CEE28}.Debug|iPhone.Build.0 = Debug|Any CPU
		{D94668D4-979F-4EDE-8139-127A646CEE28}.Debug|iPhone.Deploy.0 = Debug|Any CPU
		{D94668D4-979F-4EDE-8139-127A646CEE28}.Debug|iPhoneSimulator.ActiveCfg = Debug|Any CPU
		{D94668D4-979F-4EDE-8139-127A646CEE28}.Debug|iPhoneSimulator.Build.0 = Debug|Any CPU
		{D94668D4-979F-4EDE-8139-127A646CEE28}.Debug|iPhoneSimulator.Deploy.0 = Debug|Any CPU
		{D94668D4-979F-4EDE-8139-127A646CEE28}.Release|Any CPU.ActiveCfg = Release|Any CPU
		{D94668D4-979F-4EDE-8139-127A646CEE28}.Release|Any CPU.Build.0 = Release|Any CPU
		{D94668D4-979F-4EDE-8139-127A646CEE28}.Release|Any CPU.Deploy.0 = Release|Any CPU
		{D94668D4-979F-4EDE-8139-127A646CEE28}.Release|iPhone.ActiveCfg = Release|Any CPU
		{D94668D4-979F-4EDE-8139-127A646CEE28}.Release|iPhone.Build.0 = Release|Any CPU
		{D94668D4-979F-4EDE-8139-127A646CEE28}.Release|iPhone.Deploy.0 = Release|Any CPU
		{D94668D4-979F-4EDE-8139-127A646CEE28}.Release|iPhoneSimulator.ActiveCfg = Release|Any CPU
		{D94668D4-979F-4EDE-8139-127A646CEE28}.Release|iPhoneSimulator.Build.0 = Release|Any CPU
		{D94668D4-979F-4EDE-8139-127A646CEE28}.Release|iPhoneSimulator.Deploy.0 = Release|Any CPU
		{41B72C5D-7BC3-43B6-8366-679F0677542A}.Debug|Any CPU.ActiveCfg = Debug|Any CPU
		{41B72C5D-7BC3-43B6-8366-679F0677542A}.Debug|Any CPU.Build.0 = Debug|Any CPU
		{41B72C5D-7BC3-43B6-8366-679F0677542A}.Debug|iPhone.ActiveCfg = Debug|Any CPU
		{41B72C5D-7BC3-43B6-8366-679F0677542A}.Debug|iPhone.Build.0 = Debug|Any CPU
		{41B72C5D-7BC3-43B6-8366-679F0677542A}.Debug|iPhoneSimulator.ActiveCfg = Debug|Any CPU
		{41B72C5D-7BC3-43B6-8366-679F0677542A}.Debug|iPhoneSimulator.Build.0 = Debug|Any CPU
		{41B72C5D-7BC3-43B6-8366-679F0677542A}.Release|Any CPU.ActiveCfg = Release|Any CPU
		{41B72C5D-7BC3-43B6-8366-679F0677542A}.Release|Any CPU.Build.0 = Release|Any CPU
		{41B72C5D-7BC3-43B6-8366-679F0677542A}.Release|iPhone.ActiveCfg = Release|Any CPU
		{41B72C5D-7BC3-43B6-8366-679F0677542A}.Release|iPhone.Build.0 = Release|Any CPU
		{41B72C5D-7BC3-43B6-8366-679F0677542A}.Release|iPhoneSimulator.ActiveCfg = Release|Any CPU
		{41B72C5D-7BC3-43B6-8366-679F0677542A}.Release|iPhoneSimulator.Build.0 = Release|Any CPU
	EndGlobalSection
	GlobalSection(SolutionProperties) = preSolution
		HideSolutionNode = FALSE
	EndGlobalSection
	GlobalSection(ExtensibilityGlobals) = postSolution
		SolutionGuid = {4D0EF21B-0387-489D-AD2C-A6E77A7A2C4B}
	EndGlobalSection
EndGlobal
